<?xml version="1.0" encoding="utf-8"?>
<Project ToolsVersion="4.0" xmlns="http://schemas.microsoft.com/developer/msbuild/2003">
  <ItemGroup>
    <Filter Include="Source Files">
      <UniqueIdentifier>{23cd2f3e-8055-4a4d-8969-cbeb2e803b69}</UniqueIdentifier>
      <Extensions>cpp;c;cxx;rc;def;r;odl;idl;hpj;bat</Extensions>
    </Filter>
    <Filter Include="Header Files">
      <UniqueIdentifier>{a6754873-376f-4515-8822-a8f309f972e8}</UniqueIdentifier>
      <Extensions>h;hpp;hxx;hm;inl</Extensions>
    </Filter>
    <Filter Include="Resource Files">
      <UniqueIdentifier>{0a42716a-06d5-49ba-b6ee-bfae2d04b6c0}</UniqueIdentifier>
      <Extensions>ico;cur;bmp;dlg;rc2;rct;bin;rgs;gif;jpg;jpeg;jpe</Extensions>
    </Filter>
  </ItemGroup>
  <ItemGroup>
    <ClCompile Include="nwnserver.cpp">
      <Filter>Source Files</Filter>
    </ClCompile>
    <ClCompile Include="NWNX2.cpp">
      <Filter>Source Files</Filter>
    </ClCompile>
    <ClCompile Include="NWNX2Dlg.cpp">
      <Filter>Source Files</Filter>
    </ClCompile>
    <ClCompile Include="StdAfx.cpp">
      <Filter>Source Files</Filter>
    </ClCompile>
    <ClCompile Include="udp.cpp">
      <Filter>Source Files</Filter>
    </ClCompile>
    <ClCompile Include="watchdoggamespy.cpp">
      <Filter>Source Files</Filter>
    </ClCompile>
    <ClCompile Include="watchdogprocess.cpp">
      <Filter>Source Files</Filter>
    </ClCompile>
    <ClCompile Include="..\..\include\IniFile.cpp">
      <Filter>Source Files</Filter>
    </ClCompile>
  </ItemGroup>
  <ItemGroup>
    <ResourceCompile Include="NWNX2.rc">
      <Filter>Source Files</Filter>
    </ResourceCompile>
  </ItemGroup>
  <ItemGroup>
    <ClInclude Include="cmdlineargs.h">
      <Filter>Header Files</Filter>
    </ClInclude>
    <ClInclude Include="nwnserver.h">
      <Filter>Header Files</Filter>
    </ClInclude>
    <ClInclude Include="NWNX2.h">
      <Filter>Header Files</Filter>
    </ClInclude>
    <ClInclude Include="NWNX2Dlg.h">
      <Filter>Header Files</Filter>
    </ClInclude>
    <ClInclude Include="Resource.h">
      <Filter>Header Files</Filter>
    </ClInclude>
    <ClInclude Include="StdAfx.h">
      <Filter>Header Files</Filter>
    </ClInclude>
    <ClInclude Include="udp.h">
      <Filter>Header Files</Filter>
    </ClInclude>
    <ClInclude Include="watchdog.h">
      <Filter>Header Files</Filter>
    </ClInclude>
    <ClInclude Include="watchdoggamespy.h">
      <Filter>Header Files</Filter>
    </ClInclude>
    <ClInclude Include="watchdogprocess.h">
      <Filter>Header Files</Filter>
    </ClInclude>
    <ClInclude Include="..\..\include\IniFile.h">
      <Filter>Header Files</Filter>
    </ClInclude>
  </ItemGroup>
  <ItemGroup>
    <None Include="res\icon1.ico">
      <Filter>Resource Files</Filter>
    </None>
    <None Include="res\idr_main.ico">
      <Filter>Resource Files</Filter>
    </None>
    <None Include="res\mfctext.ico">
      <Filter>Resource Files</Filter>
    </None>
    <None Include="res\NWNX2.ico">
      <Filter>Resource Files</Filter>
    </None>
    <None Include="res\NWNX2.rc2">
      <Filter>Resource Files</Filter>
    </None>
    <None Include="res\nwnx_logo.bmp">
      <Filter>Resource Files</Filter>
    </None>
  </ItemGroup>
</Project>