
Microsoft Visual Studio Solution File, Format Version 10.00
# Visual Studio 2008
Project("{8BC9CEB8-8B4A-11D0-8D11-00A0C91BC942}") = "Areas", "Areas\Areas.vcproj", "{B4C54A9A-BFA0-4523-BFF6-1E4CB163783B}"
EndProject
Project("{8BC9CEB8-8B4A-11D0-8D11-00A0C91BC942}") = "Chat", "Chat\Chat.vcproj", "{AB435534-8202-4637-A24B-559589B63890}"
EndProject
Project("{8BC9CEB8-8B4A-11D0-8D11-00A0C91BC942}") = "Events", "events\Events.vcproj", "{FDF99E32-6EAA-4798-AD2B-3BC7C3495585}"
EndProject
Project("{8BC9CEB8-8B4A-11D0-8D11-00A0C91BC942}") = "Fixes", "fixes\Fixes.vcproj", "{D686D321-8985-4F65-8FA7-B25094E93F9A}"
EndProject
Project("{8BC9CEB8-8B4A-11D0-8D11-00A0C91BC942}") = "Functions", "Functions\Functions.vcproj", "{E5061F63-FBA6-4DF5-A152-C030F26B1D4F}"
EndProject
Project("{8BC9CEB8-8B4A-11D0-8D11-00A0C91BC942}") = "HashSet", "Hashset\HashSet.vcproj", "{828C2BE3-1347-457A-B0B8-2A4F316649D3}"
EndProject
Project("{8BC9CEB8-8B4A-11D0-8D11-00A0C91BC942}") = "NWNX2", "NWNX2\NWNX2.vcproj", "{32CAB49E-F42C-445C-B50D-88C75B7FD9FD}"
EndProject
Project("{8BC9CEB8-8B4A-11D0-8D11-00A0C91BC942}") = "NWNXdll", "NWNXdll\NWNXdll.vcproj", "{0D057201-FC0D-4CCF-8E94-174749A4D892}"
EndProject
Project("{8BC9CEB8-8B4A-11D0-8D11-00A0C91BC942}") = "Odbc2", "ODBC2\Odbc2.vcproj", "{0AF7FC06-9FD0-4923-BA5F-959A35D742CE}"
EndProject
Project("{8BC9CEB8-8B4A-11D0-8D11-00A0C91BC942}") = "Profiler", "Profiler\Profiler.vcproj", "{B1F43E0E-5161-4D0E-A89F-2C872BEBDD11}"
EndProject
Project("{8BC9CEB8-8B4A-11D0-8D11-00A0C91BC942}") = "Resman", "ResMan\ResMan.vcproj", "{FAF74A35-1FEF-440A-B3E5-7F711B0C03E5}"
EndProject
Project("{8BC9CEB8-8B4A-11D0-8D11-00A0C91BC942}") = "SortSet", "SortSet\SortSet.vcproj", "{4C83EA63-8F83-4039-B56C-44F7A960505A}"
EndProject
Project("{8BC9CEB8-8B4A-11D0-8D11-00A0C91BC942}") = "Vaultster", "Vaultster\Vaultster.vcproj", "{872FFE6F-BB8D-4147-890F-07F856097AA2}"
EndProject
Global
	GlobalSection(SolutionConfigurationPlatforms) = preSolution
		Debug|Win32 = Debug|Win32
		Release|Win32 = Release|Win32
	EndGlobalSection
	GlobalSection(ProjectConfigurationPlatforms) = postSolution
		{B4C54A9A-BFA0-4523-BFF6-1E4CB163783B}.Debug|Win32.ActiveCfg = Debug|Win32
		{B4C54A9A-BFA0-4523-BFF6-1E4CB163783B}.Debug|Win32.Build.0 = Debug|Win32
		{B4C54A9A-BFA0-4523-BFF6-1E4CB163783B}.Release|Win32.ActiveCfg = Release|Win32
		{B4C54A9A-BFA0-4523-BFF6-1E4CB163783B}.Release|Win32.Build.0 = Release|Win32
		{AB435534-8202-4637-A24B-559589B63890}.Debug|Win32.ActiveCfg = Debug|Win32
		{AB435534-8202-4637-A24B-559589B63890}.Debug|Win32.Build.0 = Debug|Win32
		{AB435534-8202-4637-A24B-559589B63890}.Release|Win32.ActiveCfg = Release|Win32
		{AB435534-8202-4637-A24B-559589B63890}.Release|Win32.Build.0 = Release|Win32
		{FDF99E32-6EAA-4798-AD2B-3BC7C3495585}.Debug|Win32.ActiveCfg = Debug|Win32
		{FDF99E32-6EAA-4798-AD2B-3BC7C3495585}.Debug|Win32.Build.0 = Debug|Win32
		{FDF99E32-6EAA-4798-AD2B-3BC7C3495585}.Release|Win32.ActiveCfg = Release|Win32
		{FDF99E32-6EAA-4798-AD2B-3BC7C3495585}.Release|Win32.Build.0 = Release|Win32
		{D686D321-8985-4F65-8FA7-B25094E93F9A}.Debug|Win32.ActiveCfg = Debug|Win32
		{D686D321-8985-4F65-8FA7-B25094E93F9A}.Debug|Win32.Build.0 = Debug|Win32
		{D686D321-8985-4F65-8FA7-B25094E93F9A}.Release|Win32.ActiveCfg = Release|Win32
		{D686D321-8985-4F65-8FA7-B25094E93F9A}.Release|Win32.Build.0 = Release|Win32
		{E5061F63-FBA6-4DF5-A152-C030F26B1D4F}.Debug|Win32.ActiveCfg = Debug|Win32
		{E5061F63-FBA6-4DF5-A152-C030F26B1D4F}.Debug|Win32.Build.0 = Debug|Win32
		{E5061F63-FBA6-4DF5-A152-C030F26B1D4F}.Release|Win32.ActiveCfg = Release|Win32
		{E5061F63-FBA6-4DF5-A152-C030F26B1D4F}.Release|Win32.Build.0 = Release|Win32
		{828C2BE3-1347-457A-B0B8-2A4F316649D3}.Debug|Win32.ActiveCfg = Debug|Win32
		{828C2BE3-1347-457A-B0B8-2A4F316649D3}.Debug|Win32.Build.0 = Debug|Win32
		{828C2BE3-1347-457A-B0B8-2A4F316649D3}.Release|Win32.ActiveCfg = Release|Win32
		{828C2BE3-1347-457A-B0B8-2A4F316649D3}.Release|Win32.Build.0 = Release|Win32
		{32CAB49E-F42C-445C-B50D-88C75B7FD9FD}.Debug|Win32.ActiveCfg = Debug|Win32
		{32CAB49E-F42C-445C-B50D-88C75B7FD9FD}.Debug|Win32.Build.0 = Debug|Win32
		{32CAB49E-F42C-445C-B50D-88C75B7FD9FD}.Release|Win32.ActiveCfg = Release|Win32
		{32CAB49E-F42C-445C-B50D-88C75B7FD9FD}.Release|Win32.Build.0 = Release|Win32
		{0D057201-FC0D-4CCF-8E94-174749A4D892}.Debug|Win32.ActiveCfg = Debug|Win32
		{0D057201-FC0D-4CCF-8E94-174749A4D892}.Debug|Win32.Build.0 = Debug|Win32
		{0D057201-FC0D-4CCF-8E94-174749A4D892}.Release|Win32.ActiveCfg = Release|Win32
		{0D057201-FC0D-4CCF-8E94-174749A4D892}.Release|Win32.Build.0 = Release|Win32
		{0AF7FC06-9FD0-4923-BA5F-959A35D742CE}.Debug|Win32.ActiveCfg = Debug|Win32
		{0AF7FC06-9FD0-4923-BA5F-959A35D742CE}.Debug|Win32.Build.0 = Debug|Win32
		{0AF7FC06-9FD0-4923-BA5F-959A35D742CE}.Release|Win32.ActiveCfg = Release|Win32
		{0AF7FC06-9FD0-4923-BA5F-959A35D742CE}.Release|Win32.Build.0 = Release|Win32
		{B1F43E0E-5161-4D0E-A89F-2C872BEBDD11}.Debug|Win32.ActiveCfg = Debug|Win32
		{B1F43E0E-5161-4D0E-A89F-2C872BEBDD11}.Debug|Win32.Build.0 = Debug|Win32
		{B1F43E0E-5161-4D0E-A89F-2C872BEBDD11}.Release|Win32.ActiveCfg = Release|Win32
		{B1F43E0E-5161-4D0E-A89F-2C872BEBDD11}.Release|Win32.Build.0 = Release|Win32
		{FAF74A35-1FEF-440A-B3E5-7F711B0C03E5}.Debug|Win32.ActiveCfg = Debug|Win32
		{FAF74A35-1FEF-440A-B3E5-7F711B0C03E5}.Debug|Win32.Build.0 = Debug|Win32
		{FAF74A35-1FEF-440A-B3E5-7F711B0C03E5}.Release|Win32.ActiveCfg = Release|Win32
		{FAF74A35-1FEF-440A-B3E5-7F711B0C03E5}.Release|Win32.Build.0 = Release|Win32
		{4C83EA63-8F83-4039-B56C-44F7A960505A}.Debug|Win32.ActiveCfg = Debug|Win32
		{4C83EA63-8F83-4039-B56C-44F7A960505A}.Debug|Win32.Build.0 = Debug|Win32
		{4C83EA63-8F83-4039-B56C-44F7A960505A}.Release|Win32.ActiveCfg = Release|Win32
		{4C83EA63-8F83-4039-B56C-44F7A960505A}.Release|Win32.Build.0 = Release|Win32
		{872FFE6F-BB8D-4147-890F-07F856097AA2}.Debug|Win32.ActiveCfg = Debug|Win32
		{872FFE6F-BB8D-4147-890F-07F856097AA2}.Debug|Win32.Build.0 = Debug|Win32
		{872FFE6F-BB8D-4147-890F-07F856097AA2}.Release|Win32.ActiveCfg = Release|Win32
		{872FFE6F-BB8D-4147-890F-07F856097AA2}.Release|Win32.Build.0 = Release|Win32
	EndGlobalSection
	GlobalSection(SolutionProperties) = preSolution
		HideSolutionNode = FALSE
	EndGlobalSection
EndGlobal
