<?xml version="1.0" encoding="utf-8"?>
<Project ToolsVersion="4.0" xmlns="http://schemas.microsoft.com/developer/msbuild/2003">
  <ItemGroup>
    <Filter Include="Source Files">
      <UniqueIdentifier>{7137ecdd-d24f-4d15-a84e-c9117a687f6d}</UniqueIdentifier>
      <Extensions>cpp;c;cxx;rc;def;r;odl;idl;hpj;bat</Extensions>
    </Filter>
    <Filter Include="Source Files\sqlite">
      <UniqueIdentifier>{da0c3bc3-156a-473f-a566-61ade93df5f3}</UniqueIdentifier>
    </Filter>
    <Filter Include="Header Files">
      <UniqueIdentifier>{d7939dd3-d403-444f-b821-216b98ad54ed}</UniqueIdentifier>
      <Extensions>h;hpp;hxx;hm;inl</Extensions>
    </Filter>
    <Filter Include="Header Files\sqlite 1">
      <UniqueIdentifier>{8becfb57-7080-45a6-82b5-0f723753ba3a}</UniqueIdentifier>
    </Filter>
    <Filter Include="Resource Files">
      <UniqueIdentifier>{70eac4c4-8813-4e49-8094-1c6b8177d3f9}</UniqueIdentifier>
      <Extensions>ico;cur;bmp;dlg;rc2;rct;bin;rgs;gif;jpg;jpeg;jpe</Extensions>
    </Filter>
  </ItemGroup>
  <ItemGroup>
    <ClCompile Include="crypt_argchk.c">
      <Filter>Source Files</Filter>
    </ClCompile>
    <ClCompile Include="md5.c">
      <Filter>Source Files</Filter>
    </ClCompile>
    <ClCompile Include="mysql.cpp">
      <Filter>Source Files</Filter>
    </ClCompile>
    <ClCompile Include="NWNXOdbc.cpp">
      <Filter>Source Files</Filter>
    </ClCompile>
    <ClCompile Include="Odbc.cpp">
      <Filter>Source Files</Filter>
    </ClCompile>
    <ClCompile Include="ODBC1.cpp">
      <Filter>Source Files</Filter>
    </ClCompile>
    <ClCompile Include="scorcohook.cpp">
      <Filter>Source Files</Filter>
    </ClCompile>
    <ClCompile Include="sqlite.cpp">
      <Filter>Source Files</Filter>
    </ClCompile>
    <ClCompile Include="StdAfx.cpp">
      <Filter>Source Files</Filter>
    </ClCompile>
    <ClCompile Include="sqlite\alter.c">
      <Filter>Source Files\sqlite</Filter>
    </ClCompile>
    <ClCompile Include="sqlite\analyze.c">
      <Filter>Source Files\sqlite</Filter>
    </ClCompile>
    <ClCompile Include="sqlite\attach.c">
      <Filter>Source Files\sqlite</Filter>
    </ClCompile>
    <ClCompile Include="sqlite\auth.c">
      <Filter>Source Files\sqlite</Filter>
    </ClCompile>
    <ClCompile Include="sqlite\btree.c">
      <Filter>Source Files\sqlite</Filter>
    </ClCompile>
    <ClCompile Include="sqlite\build.c">
      <Filter>Source Files\sqlite</Filter>
    </ClCompile>
    <ClCompile Include="sqlite\callback.c">
      <Filter>Source Files\sqlite</Filter>
    </ClCompile>
    <ClCompile Include="sqlite\complete.c">
      <Filter>Source Files\sqlite</Filter>
    </ClCompile>
    <ClCompile Include="sqlite\date.c">
      <Filter>Source Files\sqlite</Filter>
    </ClCompile>
    <ClCompile Include="sqlite\delete.c">
      <Filter>Source Files\sqlite</Filter>
    </ClCompile>
    <ClCompile Include="sqlite\expr.c">
      <Filter>Source Files\sqlite</Filter>
    </ClCompile>
    <ClCompile Include="sqlite\fts1.c">
      <Filter>Source Files\sqlite</Filter>
    </ClCompile>
    <ClCompile Include="sqlite\fts1_hash.c">
      <Filter>Source Files\sqlite</Filter>
    </ClCompile>
    <ClCompile Include="sqlite\fts1_porter.c">
      <Filter>Source Files\sqlite</Filter>
    </ClCompile>
    <ClCompile Include="sqlite\fts1_tokenizer1.c">
      <Filter>Source Files\sqlite</Filter>
    </ClCompile>
    <ClCompile Include="sqlite\func.c">
      <Filter>Source Files\sqlite</Filter>
    </ClCompile>
    <ClCompile Include="sqlite\hash.c">
      <Filter>Source Files\sqlite</Filter>
    </ClCompile>
    <ClCompile Include="sqlite\insert.c">
      <Filter>Source Files\sqlite</Filter>
    </ClCompile>
    <ClCompile Include="sqlite\legacy.c">
      <Filter>Source Files\sqlite</Filter>
    </ClCompile>
    <ClCompile Include="sqlite\loadext.c">
      <Filter>Source Files\sqlite</Filter>
    </ClCompile>
    <ClCompile Include="sqlite\main.c">
      <Filter>Source Files\sqlite</Filter>
    </ClCompile>
    <ClCompile Include="sqlite\opcodes.c">
      <Filter>Source Files\sqlite</Filter>
    </ClCompile>
    <ClCompile Include="sqlite\os.c">
      <Filter>Source Files\sqlite</Filter>
    </ClCompile>
    <ClCompile Include="sqlite\os_mac.c">
      <Filter>Source Files\sqlite</Filter>
    </ClCompile>
    <ClCompile Include="sqlite\os_os2.c">
      <Filter>Source Files\sqlite</Filter>
    </ClCompile>
    <ClCompile Include="sqlite\os_unix.c">
      <Filter>Source Files\sqlite</Filter>
    </ClCompile>
    <ClCompile Include="sqlite\os_win.c">
      <Filter>Source Files\sqlite</Filter>
    </ClCompile>
    <ClCompile Include="sqlite\pager.c">
      <Filter>Source Files\sqlite</Filter>
    </ClCompile>
    <ClCompile Include="sqlite\parse.c">
      <Filter>Source Files\sqlite</Filter>
    </ClCompile>
    <ClCompile Include="sqlite\pragma.c">
      <Filter>Source Files\sqlite</Filter>
    </ClCompile>
    <ClCompile Include="sqlite\prepare.c">
      <Filter>Source Files\sqlite</Filter>
    </ClCompile>
    <ClCompile Include="sqlite\printf.c">
      <Filter>Source Files\sqlite</Filter>
    </ClCompile>
    <ClCompile Include="sqlite\random.c">
      <Filter>Source Files\sqlite</Filter>
    </ClCompile>
    <ClCompile Include="sqlite\select.c">
      <Filter>Source Files\sqlite</Filter>
    </ClCompile>
    <ClCompile Include="sqlite\shell.c">
      <Filter>Source Files\sqlite</Filter>
    </ClCompile>
    <ClCompile Include="sqlite\table.c">
      <Filter>Source Files\sqlite</Filter>
    </ClCompile>
    <ClCompile Include="sqlite\tclsqlite.c">
      <Filter>Source Files\sqlite</Filter>
    </ClCompile>
    <ClCompile Include="sqlite\tokenize.c">
      <Filter>Source Files\sqlite</Filter>
    </ClCompile>
    <ClCompile Include="sqlite\trigger.c">
      <Filter>Source Files\sqlite</Filter>
    </ClCompile>
    <ClCompile Include="sqlite\update.c">
      <Filter>Source Files\sqlite</Filter>
    </ClCompile>
    <ClCompile Include="sqlite\utf.c">
      <Filter>Source Files\sqlite</Filter>
    </ClCompile>
    <ClCompile Include="sqlite\util.c">
      <Filter>Source Files\sqlite</Filter>
    </ClCompile>
    <ClCompile Include="sqlite\vacuum.c">
      <Filter>Source Files\sqlite</Filter>
    </ClCompile>
    <ClCompile Include="sqlite\vdbe.c">
      <Filter>Source Files\sqlite</Filter>
    </ClCompile>
    <ClCompile Include="sqlite\vdbeapi.c">
      <Filter>Source Files\sqlite</Filter>
    </ClCompile>
    <ClCompile Include="sqlite\vdbeaux.c">
      <Filter>Source Files\sqlite</Filter>
    </ClCompile>
    <ClCompile Include="sqlite\vdbefifo.c">
      <Filter>Source Files\sqlite</Filter>
    </ClCompile>
    <ClCompile Include="sqlite\vdbemem.c">
      <Filter>Source Files\sqlite</Filter>
    </ClCompile>
    <ClCompile Include="sqlite\vtab.c">
      <Filter>Source Files\sqlite</Filter>
    </ClCompile>
    <ClCompile Include="sqlite\where.c">
      <Filter>Source Files\sqlite</Filter>
    </ClCompile>
    <ClCompile Include="..\..\..\include\NWNXBase.cpp">
      <Filter>Source Files</Filter>
    </ClCompile>
    <ClCompile Include="..\..\..\include\IniFile.cpp">
      <Filter>Source Files</Filter>
    </ClCompile>
  </ItemGroup>
  <ItemGroup>
    <ClInclude Include="sqlite\fts1.h">
      <Filter>Source Files\sqlite</Filter>
    </ClInclude>
    <ClInclude Include="sqlite\fts1_hash.h">
      <Filter>Source Files\sqlite</Filter>
    </ClInclude>
    <ClInclude Include="sqlite\fts1_tokenizer.h">
      <Filter>Source Files\sqlite</Filter>
    </ClInclude>
    <ClInclude Include="sqlite\keywordhash.h">
      <Filter>Source Files\sqlite</Filter>
    </ClInclude>
    <ClInclude Include="sqlite\sqlite3ext.h">
      <Filter>Source Files\sqlite</Filter>
    </ClInclude>
    <ClInclude Include="db.h">
      <Filter>Header Files</Filter>
    </ClInclude>
    <ClInclude Include="mysql.h">
      <Filter>Header Files</Filter>
    </ClInclude>
    <ClInclude Include="NWNXOdbc.h">
      <Filter>Header Files</Filter>
    </ClInclude>
    <ClInclude Include="Odbc.h">
      <Filter>Header Files</Filter>
    </ClInclude>
    <ClInclude Include="ODBC1.h">
      <Filter>Header Files</Filter>
    </ClInclude>
    <ClInclude Include="scorcohook.h">
      <Filter>Header Files</Filter>
    </ClInclude>
    <ClInclude Include="sqlite.h">
      <Filter>Header Files</Filter>
    </ClInclude>
    <ClInclude Include="StdAfx.h">
      <Filter>Header Files</Filter>
    </ClInclude>
    <ClInclude Include="tomcrypt.h">
      <Filter>Header Files</Filter>
    </ClInclude>
    <ClInclude Include="tomcrypt_argchk.h">
      <Filter>Header Files</Filter>
    </ClInclude>
    <ClInclude Include="tomcrypt_cfg.h">
      <Filter>Header Files</Filter>
    </ClInclude>
    <ClInclude Include="tomcrypt_custom.h">
      <Filter>Header Files</Filter>
    </ClInclude>
    <ClInclude Include="tomcrypt_hash.h">
      <Filter>Header Files</Filter>
    </ClInclude>
    <ClInclude Include="tomcrypt_macros.h">
      <Filter>Header Files</Filter>
    </ClInclude>
    <ClInclude Include="sqlite\btree.h">
      <Filter>Header Files\sqlite 1</Filter>
    </ClInclude>
    <ClInclude Include="sqlite\config.h">
      <Filter>Header Files\sqlite 1</Filter>
    </ClInclude>
    <ClInclude Include="sqlite\hash.h">
      <Filter>Header Files\sqlite 1</Filter>
    </ClInclude>
    <ClInclude Include="sqlite\opcodes.h">
      <Filter>Header Files\sqlite 1</Filter>
    </ClInclude>
    <ClInclude Include="sqlite\os.h">
      <Filter>Header Files\sqlite 1</Filter>
    </ClInclude>
    <ClInclude Include="sqlite\os_common.h">
      <Filter>Header Files\sqlite 1</Filter>
    </ClInclude>
    <ClInclude Include="sqlite\os_mac.h">
      <Filter>Header Files\sqlite 1</Filter>
    </ClInclude>
    <ClInclude Include="sqlite\os_unix.h">
      <Filter>Header Files\sqlite 1</Filter>
    </ClInclude>
    <ClInclude Include="sqlite\os_win.h">
      <Filter>Header Files\sqlite 1</Filter>
    </ClInclude>
    <ClInclude Include="sqlite\pager.h">
      <Filter>Header Files\sqlite 1</Filter>
    </ClInclude>
    <ClInclude Include="sqlite\parse.h">
      <Filter>Header Files\sqlite 1</Filter>
    </ClInclude>
    <ClInclude Include="sqlite\sqlite3.h">
      <Filter>Header Files\sqlite 1</Filter>
    </ClInclude>
    <ClInclude Include="sqlite\sqliteInt.h">
      <Filter>Header Files\sqlite 1</Filter>
    </ClInclude>
    <ClInclude Include="sqlite\vdbe.h">
      <Filter>Header Files\sqlite 1</Filter>
    </ClInclude>
    <ClInclude Include="sqlite\vdbeInt.h">
      <Filter>Header Files\sqlite 1</Filter>
    </ClInclude>
    <ClInclude Include="..\..\..\include\IniFile.h">
      <Filter>Header Files</Filter>
    </ClInclude>
    <ClInclude Include="..\..\..\include\NWNXBase.h">
      <Filter>Header Files</Filter>
    </ClInclude>
  </ItemGroup>
  <ItemGroup>
    <ResourceCompile Include="Odbc2.rc">
      <Filter>Resource Files</Filter>
    </ResourceCompile>
  </ItemGroup>
</Project>